# This file is automatically @generated by Cargo.
# It is not intended for manual editing.
[[package]]
name = "aho-corasick"
version = "0.6.1"
source = "registry+https://github.com/rust-lang/crates.io-index"
checksum = "4f660b942762979b56c9f07b4b36bb559776fbad102f05d6771e1b629e8fd5bf"
dependencies = [
 "memchr",
]

[[package]]
name = "autocfg"
version = "0.1.4"
source = "registry+https://github.com/rust-lang/crates.io-index"
checksum = "0e49efa51329a5fd37e7c79db4621af617cd4e3e5bc224939808d076077077bf"

[[package]]
name = "backtrace"
version = "0.3.30"
source = "registry+https://github.com/rust-lang/crates.io-index"
checksum = "ada4c783bb7e7443c14e0480f429ae2cc99da95065aeab7ee1b81ada0419404f"
dependencies = [
 "autocfg",
 "backtrace-sys",
 "cfg-if",
 "libc",
 "rustc-demangle",
]

[[package]]
name = "backtrace-sys"
version = "0.1.28"
source = "registry+https://github.com/rust-lang/crates.io-index"
checksum = "797c830ac25ccc92a7f8a7b9862bde440715531514594a6154e3d4a54dd769b6"
dependencies = [
 "cc",
 "libc",
]

[[package]]
name = "cc"
version = "1.0.37"
source = "registry+https://github.com/rust-lang/crates.io-index"
checksum = "39f75544d7bbaf57560d2168f28fd649ff9c76153874db88bdbdfd839b1a7e7d"

[[package]]
name = "cfg-if"
version = "0.1.9"
source = "registry+https://github.com/rust-lang/crates.io-index"
checksum = "b486ce3ccf7ffd79fdeb678eac06a9e6c09fc88d33836340becb8fffe87c5e33"

[[package]]
name = "chrono"
version = "0.3.0"
source = "registry+https://github.com/rust-lang/crates.io-index"
checksum = "158b0bd7d75cbb6bf9c25967a48a2e9f77da95876b858eadfabaa99cd069de6e"
dependencies = [
 "num",
 "time",
]

[[package]]
name = "error-chain"
version = "0.8.1"
source = "registry+https://github.com/rust-lang/crates.io-index"
checksum = "6930e04918388a9a2e41d518c25cf679ccafe26733fb4127dbf21993f2575d46"
dependencies = [
 "backtrace",
]

[[package]]
name = "kernel32-sys"
version = "0.2.2"
source = "registry+https://github.com/rust-lang/crates.io-index"
checksum = "7507624b29483431c0ba2d82aece8ca6cdba9382bff4ddd0f7490560c056098d"
dependencies = [
 "winapi",
 "winapi-build",
]

[[package]]
name = "lazy_static"
version = "1.4.0"
source = "registry+https://github.com/rust-lang/crates.io-index"
checksum = "e2abad23fbc42b3700f2f279844dc832adb2b2eb069b2df918f455c4e18cc646"

[[package]]
name = "libc"
version = "0.2.58"
source = "registry+https://github.com/rust-lang/crates.io-index"
checksum = "6281b86796ba5e4366000be6e9e18bf35580adf9e63fbe2294aadb587613a319"

[[package]]
name = "memchr"
version = "1.0.1"
source = "registry+https://github.com/rust-lang/crates.io-index"
checksum = "1dbccc0e46f1ea47b9f17e6d67c5a96bd27030519c519c9c91327e31275a47b4"
dependencies = [
 "libc",
]

[[package]]
name = "num"
version = "0.1.37"
source = "registry+https://github.com/rust-lang/crates.io-index"
checksum = "98b15ba84e910ea7a1973bccd3df7b31ae282bf9d8bd2897779950c9b8303d40"
dependencies = [
 "num-integer",
 "num-iter",
 "num-traits",
]

[[package]]
name = "num-integer"
version = "0.1.33"
source = "registry+https://github.com/rust-lang/crates.io-index"
checksum = "21e4df1098d1d797d27ef0c69c178c3fab64941559b290fcae198e0825c9c8b5"
dependencies = [
 "num-traits",
]

[[package]]
name = "num-iter"
version = "0.1.33"
source = "registry+https://github.com/rust-lang/crates.io-index"
checksum = "f7d1891bd7b936f12349b7d1403761c8a0b85a18b148e9da4429d5d102c1a41e"
dependencies = [
 "num-integer",
 "num-traits",
]

[[package]]
name = "num-traits"
version = "0.1.37"
source = "registry+https://github.com/rust-lang/crates.io-index"
checksum = "e1cbfa3781f3fe73dc05321bed52a06d2d491eaa764c52335cf4399f046ece99"

[[package]]
name = "redox_syscall"
version = "0.1.17"
source = "registry+https://github.com/rust-lang/crates.io-index"
checksum = "29dbdfd4b9df8ab31dec47c6087b7b13cbf4a776f335e4de8efba8288dda075b"

[[package]]
name = "regex"
version = "0.2.1"
source = "registry+https://github.com/rust-lang/crates.io-index"
checksum = "4278c17d0f6d62dfef0ab00028feb45bd7d2102843f80763474eeb1be8a10c01"
dependencies = [
 "aho-corasick",
 "memchr",
 "regex-syntax",
 "thread_local",
 "utf8-ranges",
]

[[package]]
name = "regex-syntax"
version = "0.4.0"
source = "registry+https://github.com/rust-lang/crates.io-index"
checksum = "2f9191b1f57603095f105d317e375d19b1c9c5c3185ea9633a99a6dcbed04457"

[[package]]
name = "rustc-demangle"
version = "0.1.15"
source = "registry+https://github.com/rust-lang/crates.io-index"
checksum = "a7f4dccf6f4891ebcc0c39f9b6eb1a83b9bf5d747cb439ec6fba4f3b977038af"

[[package]]
name = "thread-id"
version = "3.0.0"
source = "registry+https://github.com/rust-lang/crates.io-index"
checksum = "4437c97558c70d129e40629a5b385b3fb1ffac301e63941335e4d354081ec14a"
dependencies = [
 "kernel32-sys",
 "libc",
]

[[package]]
name = "thread_local"
version = "0.3.2"
source = "registry+https://github.com/rust-lang/crates.io-index"
checksum = "7793b722f0f77ce716e7f1acf416359ca32ff24d04ffbac4269f44a4a83be05d"
dependencies = [
 "thread-id",
 "unreachable",
]

[[package]]
name = "time"
version = "0.1.36"
source = "registry+https://github.com/rust-lang/crates.io-index"
checksum = "211b63c112206356ef1ff9b19355f43740fc3f85960c598a93d3a3d3ba7beade"
dependencies = [
 "kernel32-sys",
 "libc",
 "redox_syscall",
 "winapi",
]

[[package]]
name = "unreachable"
version = "0.1.1"
source = "registry+https://github.com/rust-lang/crates.io-index"
checksum = "1f2ae5ddb18e1c92664717616dd9549dde73f539f01bd7b77c2edb2446bdff91"
dependencies = [
 "void",
]

[[package]]
name = "utf8-ranges"
version = "1.0.0"
source = "registry+https://github.com/rust-lang/crates.io-index"
checksum = "662fab6525a98beff2921d7f61a39e7d59e0b425ebc7d0d9e66d316e55124122"

[[package]]
name = "void"
version = "1.0.2"
source = "registry+https://github.com/rust-lang/crates.io-index"
checksum = "6a02e4885ed3bc0f2de90ea6dd45ebcbb66dacffe03547fadbb0eeae2770887d"

[[package]]
name = "winapi"
version = "0.2.8"
source = "registry+https://github.com/rust-lang/crates.io-index"
checksum = "167dc9d6949a9b857f3451275e911c3f44255842c1f7a76f33c55103a909087a"

[[package]]
name = "winapi-build"
version = "0.1.1"
source = "registry+https://github.com/rust-lang/crates.io-index"
checksum = "2d315eee3b34aca4797b2da6b13ed88266e6d612562a0c46390af8299fc699bc"

[[package]]
name = "worklog-scan"
version = "0.1.0"
dependencies = [
 "chrono",
 "error-chain",
 "lazy_static",
 "regex",
]
